// !$*UTF8*$!
{
	archiveVersion = 1;
	classes = {
	};
	objectVersion = 48;
	objects = {

/* Begin PBXBuildFile section */
		5D5B2ABD1FBB18EB00498E7C /* AppDelegate.m in Sources */ = {isa = PBXBuildFile; fileRef = 5D5B2ABC1FBB18EB00498E7C /* AppDelegate.m */; };
		5D5B2AC01FBB18EB00498E7C /* ViewController.m in Sources */ = {isa = PBXBuildFile; fileRef = 5D5B2ABF1FBB18EB00498E7C /* ViewController.m */; };
		5D5B2AC31FBB18EB00498E7C /* Main.storyboard in Resources */ = {isa = PBXBuildFile; fileRef = 5D5B2AC11FBB18EB00498E7C /* Main.storyboard */; };
		5D5B2AC61FBB18EB00498E7C /* CAAnimation____.xcdatamodeld in Sources */ = {isa = PBXBuildFile; fileRef = 5D5B2AC41FBB18EB00498E7C /* CAAnimation____.xcdatamodeld */; };
		5D5B2AC81FBB18EB00498E7C /* Assets.xcassets in Resources */ = {isa = PBXBuildFile; fileRef = 5D5B2AC71FBB18EB00498E7C /* Assets.xcassets */; };
		5D5B2ACB1FBB18EB00498E7C /* LaunchScreen.storyboard in Resources */ = {isa = PBXBuildFile; fileRef = 5D5B2AC91FBB18EB00498E7C /* LaunchScreen.storyboard */; };
		5D5B2ACE1FBB18EB00498E7C /* main.m in Sources */ = {isa = PBXBuildFile; fileRef = 5D5B2ACD1FBB18EB00498E7C /* main.m */; };
		5D5B2AD61FBBD00800498E7C /* BasicAnimationViewController.m in Sources */ = {isa = PBXBuildFile; fileRef = 5D5B2AD51FBBD00800498E7C /* BasicAnimationViewController.m */; };
		5D5B2AD91FBC13D900498E7C /* SpringAnimationViewController.m in Sources */ = {isa = PBXBuildFile; fileRef = 5D5B2AD81FBC13D900498E7C /* SpringAnimationViewController.m */; };
		5D5B2ADC1FBC38B000498E7C /* TransformAnimationViewController.m in Sources */ = {isa = PBXBuildFile; fileRef = 5D5B2ADB1FBC38B000498E7C /* TransformAnimationViewController.m */; };
		5D5B2ADF1FBD19E200498E7C /* KeyFrameAnimationViewController.m in Sources */ = {isa = PBXBuildFile; fileRef = 5D5B2ADE1FBD19E200498E7C /* KeyFrameAnimationViewController.m */; };
/* End PBXBuildFile section */

/* Begin PBXFileReference section */
		5D5B2AB81FBB18EB00498E7C /* CAAnimation动画详解.app */ = {isa = PBXFileReference; explicitFileType = wrapper.application; includeInIndex = 0; path = "CAAnimation动画详解.app"; sourceTree = BUILT_PRODUCTS_DIR; };
		5D5B2ABB1FBB18EB00498E7C /* AppDelegate.h */ = {isa = PBXFileReference; lastKnownFileType = sourcecode.c.h; path = AppDelegate.h; sourceTree = "<group>"; };
		5D5B2ABC1FBB18EB00498E7C /* AppDelegate.m */ = {isa = PBXFileReference; lastKnownFileType = sourcecode.c.objc; path = AppDelegate.m; sourceTree = "<group>"; };
		5D5B2ABE1FBB18EB00498E7C /* ViewController.h */ = {isa = PBXFileReference; lastKnownFileType = sourcecode.c.h; path = ViewController.h; sourceTree = "<group>"; };
		5D5B2ABF1FBB18EB00498E7C /* ViewController.m */ = {isa = PBXFileReference; lastKnownFileType = sourcecode.c.objc; path = ViewController.m; sourceTree = "<group>"; };
		5D5B2AC21FBB18EB00498E7C /* Base */ = {isa = PBXFileReference; lastKnownFileType = file.storyboard; name = Base; path = Base.lproj/Main.storyboard; sourceTree = "<group>"; };
		5D5B2AC51FBB18EB00498E7C /* CAAnimation____.xcdatamodel */ = {isa = PBXFileReference; lastKnownFileType = wrapper.xcdatamodel; path = "CAAnimation____.xcdatamodel"; sourceTree = "<group>"; };
		5D5B2AC71FBB18EB00498E7C /* Assets.xcassets */ = {isa = PBXFileReference; lastKnownFileType = folder.assetcatalog; path = Assets.xcassets; sourceTree = "<group>"; };
		5D5B2ACA1FBB18EB00498E7C /* Base */ = {isa = PBXFileReference; lastKnownFileType = file.storyboard; name = Base; path = Base.lproj/LaunchScreen.storyboard; sourceTree = "<group>"; };
		5D5B2ACC1FBB18EB00498E7C /* Info.plist */ = {isa = PBXFileReference; lastKnownFileType = text.plist.xml; path = Info.plist; sourceTree = "<group>"; };
		5D5B2ACD1FBB18EB00498E7C /* main.m */ = {isa = PBXFileReference; lastKnownFileType = sourcecode.c.objc; path = main.m; sourceTree = "<group>"; };
		5D5B2AD41FBBD00800498E7C /* BasicAnimationViewController.h */ = {isa = PBXFileReference; lastKnownFileType = sourcecode.c.h; path = BasicAnimationViewController.h; sourceTree = "<group>"; };
		5D5B2AD51FBBD00800498E7C /* BasicAnimationViewController.m */ = {isa = PBXFileReference; lastKnownFileType = sourcecode.c.objc; path = BasicAnimationViewController.m; sourceTree = "<group>"; };
		5D5B2AD71FBC13D900498E7C /* SpringAnimationViewController.h */ = {isa = PBXFileReference; lastKnownFileType = sourcecode.c.h; path = SpringAnimationViewController.h; sourceTree = "<group>"; };
		5D5B2AD81FBC13D900498E7C /* SpringAnimationViewController.m */ = {isa = PBXFileReference; lastKnownFileType = sourcecode.c.objc; path = SpringAnimationViewController.m; sourceTree = "<group>"; };
		5D5B2ADA1FBC38B000498E7C /* TransformAnimationViewController.h */ = {isa = PBXFileReference; lastKnownFileType = sourcecode.c.h; path = TransformAnimationViewController.h; sourceTree = "<group>"; };
		5D5B2ADB1FBC38B000498E7C /* TransformAnimationViewController.m */ = {isa = PBXFileReference; lastKnownFileType = sourcecode.c.objc; path = TransformAnimationViewController.m; sourceTree = "<group>"; };
		5D5B2ADD1FBD19E200498E7C /* KeyFrameAnimationViewController.h */ = {isa = PBXFileReference; lastKnownFileType = sourcecode.c.h; path = KeyFrameAnimationViewController.h; sourceTree = "<group>"; };
		5D5B2ADE1FBD19E200498E7C /* KeyFrameAnimationViewController.m */ = {isa = PBXFileReference; lastKnownFileType = sourcecode.c.objc; path = KeyFrameAnimationViewController.m; sourceTree = "<group>"; };
/* End PBXFileReference section */

/* Begin PBXFrameworksBuildPhase section */
		5D5B2AB51FBB18EB00498E7C /* Frameworks */ = {
			isa = PBXFrameworksBuildPhase;
			buildActionMask = 2147483647;
			files = (
			);
			runOnlyForDeploymentPostprocessing = 0;
		};
/* End PBXFrameworksBuildPhase section */

/* Begin PBXGroup section */
		5D5B2AAF1FBB18EB00498E7C = {
			isa = PBXGroup;
			children = (
				5D5B2ABA1FBB18EB00498E7C /* CAAnimation动画详解 */,
				5D5B2AB91FBB18EB00498E7C /* Products */,
			);
			sourceTree = "<group>";
		};
		5D5B2AB91FBB18EB00498E7C /* Products */ = {
			isa = PBXGroup;
			children = (
				5D5B2AB81FBB18EB00498E7C /* CAAnimation动画详解.app */,
			);
			name = Products;
			sourceTree = "<group>";
		};
		5D5B2ABA1FBB18EB00498E7C /* CAAnimation动画详解 */ = {
			isa = PBXGroup;
			children = (
				5D5B2ABB1FBB18EB00498E7C /* AppDelegate.h */,
				5D5B2ABC1FBB18EB00498E7C /* AppDelegate.m */,
				5D5B2ABE1FBB18EB00498E7C /* ViewController.h */,
				5D5B2ABF1FBB18EB00498E7C /* ViewController.m */,
				5D5B2AD41FBBD00800498E7C /* BasicAnimationViewController.h */,
				5D5B2AD51FBBD00800498E7C /* BasicAnimationViewController.m */,
				5D5B2AD71FBC13D900498E7C /* SpringAnimationViewController.h */,
				5D5B2AD81FBC13D900498E7C /* SpringAnimationViewController.m */,
				5D5B2ADD1FBD19E200498E7C /* KeyFrameAnimationViewController.h */,
				5D5B2ADE1FBD19E200498E7C /* KeyFrameAnimationViewController.m */,
				5D5B2ADA1FBC38B000498E7C /* TransformAnimationViewController.h */,
				5D5B2ADB1FBC38B000498E7C /* TransformAnimationViewController.m */,
				5D5B2AC11FBB18EB00498E7C /* Main.storyboard */,
				5D5B2AC71FBB18EB00498E7C /* Assets.xcassets */,
				5D5B2AC91FBB18EB00498E7C /* LaunchScreen.storyboard */,
				5D5B2ACC1FBB18EB00498E7C /* Info.plist */,
				5D5B2ACD1FBB18EB00498E7C /* main.m */,
				5D5B2AC41FBB18EB00498E7C /* CAAnimation____.xcdatamodeld */,
			);
			path = "CAAnimation动画详解";
			sourceTree = "<group>";
		};
/* End PBXGroup section */

/* Begin PBXNativeTarget section */
		5D5B2AB71FBB18EB00498E7C /* CAAnimation动画详解 */ = {
			isa = PBXNativeTarget;
			buildConfigurationList = 5D5B2AD11FBB18EB00498E7C /* Build configuration list for PBXNativeTarget "CAAnimation动画详解" */;
			buildPhases = (
				5D5B2AB41FBB18EB00498E7C /* Sources */,
				5D5B2AB51FBB18EB00498E7C /* Frameworks */,
				5D5B2AB61FBB18EB00498E7C /* Resources */,
			);
			buildRules = (
			);
			dependencies = (
			);
			name = "CAAnimation动画详解";
			productName = "CAAnimation动画详解";
			productReference = 5D5B2AB81FBB18EB00498E7C /* CAAnimation动画详解.app */;
			productType = "com.apple.product-type.application";
		};
/* End PBXNativeTarget section */

/* Begin PBXProject section */
		5D5B2AB01FBB18EB00498E7C /* Project object */ = {
			isa = PBXProject;
			attributes = {
				LastUpgradeCheck = 0910;
				ORGANIZATIONNAME = tong;
				TargetAttributes = {
					5D5B2AB71FBB18EB00498E7C = {
						CreatedOnToolsVersion = 9.1;
						ProvisioningStyle = Automatic;
					};
				};
			};
			buildConfigurationList = 5D5B2AB31FBB18EB00498E7C /* Build configuration list for PBXProject "CAAnimation动画详解" */;
			compatibilityVersion = "Xcode 8.0";
			developmentRegion = en;
			hasScannedForEncodings = 0;
			knownRegions = (
				en,
				Base,
			);
			mainGroup = 5D5B2AAF1FBB18EB00498E7C;
			productRefGroup = 5D5B2AB91FBB18EB00498E7C /* Products */;
			projectDirPath = "";
			projectRoot = "";
			targets = (
				5D5B2AB71FBB18EB00498E7C /* CAAnimation动画详解 */,
			);
		};
/* End PBXProject section */

/* Begin PBXResourcesBuildPhase section */
		5D5B2AB61FBB18EB00498E7C /* Resources */ = {
			isa = PBXResourcesBuildPhase;
			buildActionMask = 2147483647;
			files = (
				5D5B2ACB1FBB18EB00498E7C /* LaunchScreen.storyboard in Resources */,
				5D5B2AC81FBB18EB00498E7C /* Assets.xcassets in Resources */,
				5D5B2AC31FBB18EB00498E7C /* Main.storyboard in Resources */,
			);
			runOnlyForDeploymentPostprocessing = 0;
		};
/* End PBXResourcesBuildPhase section */

/* Begin PBXSourcesBuildPhase section */
		5D5B2AB41FBB18EB00498E7C /* Sources */ = {
			isa = PBXSourcesBuildPhase;
			buildActionMask = 2147483647;
			files = (
				5D5B2AD91FBC13D900498E7C /* SpringAnimationViewController.m in Sources */,
				5D5B2AC01FBB18EB00498E7C /* ViewController.m in Sources */,
				5D5B2AC61FBB18EB00498E7C /* CAAnimation____.xcdatamodeld in Sources */,
				5D5B2AD61FBBD00800498E7C /* BasicAnimationViewController.m in Sources */,
				5D5B2ADC1FBC38B000498E7C /* TransformAnimationViewController.m in Sources */,
				5D5B2ACE1FBB18EB00498E7C /* main.m in Sources */,
				5D5B2ADF1FBD19E200498E7C /* KeyFrameAnimationViewController.m in Sources */,
				5D5B2ABD1FBB18EB00498E7C /* AppDelegate.m in Sources */,
			);
			runOnlyForDeploymentPostprocessing = 0;
		};
/* End PBXSourcesBuildPhase section */

/* Begin PBXVariantGroup section */
		5D5B2AC11FBB18EB00498E7C /* Main.storyboard */ = {
			isa = PBXVariantGroup;
			children = (
				5D5B2AC21FBB18EB00498E7C /* Base */,
			);
			name = Main.storyboard;
			sourceTree = "<group>";
		};
		5D5B2AC91FBB18EB00498E7C /* LaunchScreen.storyboard */ = {
			isa = PBXVariantGroup;
			children = (
				5D5B2ACA1FBB18EB00498E7C /* Base */,
			);
			name = LaunchScreen.storyboard;
			sourceTree = "<group>";
		};
/* End PBXVariantGroup section */

/* Begin XCBuildConfiguration section */
		5D5B2ACF1FBB18EB00498E7C /* Debug */ = {
			isa = XCBuildConfiguration;
			buildSettings = {
				ALWAYS_SEARCH_USER_PATHS = NO;
				CLANG_ANALYZER_NONNULL = YES;
				CLANG_ANALYZER_NUMBER_OBJECT_CONVERSION = YES_AGGRESSIVE;
				CLANG_CXX_LANGUAGE_STANDARD = "gnu++14";
				CLANG_CXX_LIBRARY = "libc++";
				CLANG_ENABLE_MODULES = YES;
				CLANG_ENABLE_OBJC_ARC = YES;
				CLANG_WARN_BLOCK_CAPTURE_AUTORELEASING = YES;
				CLANG_WARN_BOOL_CONVERSION = YES;
				CLANG_WARN_COMMA = YES;
				CLANG_WARN_CONSTANT_CONVERSION = YES;
				CLANG_WARN_DIRECT_OBJC_ISA_USAGE = YES_ERROR;
				CLANG_WARN_DOCUMENTATION_COMMENTS = YES;
				CLANG_WARN_EMPTY_BODY = YES;
				CLANG_WARN_ENUM_CONVERSION = YES;
				CLANG_WARN_INFINITE_RECURSION = YES;
				CLANG_WARN_INT_CONVERSION = YES;
				CLANG_WARN_NON_LITERAL_NULL_CONVERSION = YES;
				CLANG_WARN_OBJC_LITERAL_CONVERSION = YES;
				CLANG_WARN_OBJC_ROOT_CLASS = YES_ERROR;
				CLANG_WARN_RANGE_LOOP_ANALYSIS = YES;
				CLANG_WARN_STRICT_PROTOTYPES = YES;
				CLANG_WARN_SUSPICIOUS_MOVE = YES;
				CLANG_WARN_UNGUARDED_AVAILABILITY = YES_AGGRESSIVE;
				CLANG_WARN_UNREACHABLE_CODE = YES;
				CLANG_WARN__DUPLICATE_METHOD_MATCH = YES;
				CODE_SIGN_IDENTITY = "iPhone Developer";
				COPY_PHASE_STRIP = NO;
				DEBUG_INFORMATION_FORMAT = dwarf;
				ENABLE_STRICT_OBJC_MSGSEND = YES;
				ENABLE_TESTABILITY = YES;
				GCC_C_LANGUAGE_STANDARD = gnu11;
				GCC_DYNAMIC_NO_PIC = NO;
				GCC_NO_COMMON_BLOCKS = YES;
				GCC_OPTIMIZATION_LEVEL = 0;
				GCC_PREPROCESSOR_DEFINITIONS = (
					"DEBUG=1",
					"$(inherited)",
				);
				GCC_WARN_64_TO_32_BIT_CONVERSION = YES;
				GCC_WARN_ABOUT_RETURN_TYPE = YES_ERROR;
				GCC_WARN_UNDECLARED_SELECTOR = YES;
				GCC_WARN_UNINITIALIZED_AUTOS = YES_AGGRESSIVE;
				GCC_WARN_UNUSED_FUNCTION = YES;
				GCC_WARN_UNUSED_VARIABLE = YES;
				IPHONEOS_DEPLOYMENT_TARGET = 11.1;
				MTL_ENABLE_DEBUG_INFO = YES;
				ONLY_ACTIVE_ARCH = YES;
				SDKROOT = iphoneos;
			};
			name = Debug;
		};
		5D5B2AD01FBB18EB00498E7C /* Release */ = {
			isa = XCBuildConfiguration;
			buildSettings = {
				ALWAYS_SEARCH_USER_PATHS = NO;
				CLANG_ANALYZER_NONNULL = YES;
				CLANG_ANALYZER_NUMBER_OBJECT_CONVERSION = YES_AGGRESSIVE;
				CLANG_CXX_LANGUAGE_STANDARD = "gnu++14";
				CLANG_CXX_LIBRARY = "libc++";
				CLANG_ENABLE_MODULES = YES;
				CLANG_ENABLE_OBJC_ARC = YES;
				CLANG_WARN_BLOCK_CAPTURE_AUTORELEASING = YES;
				CLANG_WARN_BOOL_CONVERSION = YES;
				CLANG_WARN_COMMA = YES;
				CLANG_WARN_CONSTANT_CONVERSION = YES;
				CLANG_WARN_DIRECT_OBJC_ISA_USAGE = YES_ERROR;
				CLANG_WARN_DOCUMENTATION_COMMENTS = YES;
				CLANG_WARN_EMPTY_BODY = YES;
				CLANG_WARN_ENUM_CONVERSION = YES;
				CLANG_WARN_INFINITE_RECURSION = YES;
				CLANG_WARN_INT_CONVERSION = YES;
				CLANG_WARN_NON_LITERAL_NULL_CONVERSION = YES;
				CLANG_WARN_OBJC_LITERAL_CONVERSION = YES;
				CLANG_WARN_OBJC_ROOT_CLASS = YES_ERROR;
				CLANG_WARN_RANGE_LOOP_ANALYSIS = YES;
				CLANG_WARN_STRICT_PROTOTYPES = YES;
				CLANG_WARN_SUSPICIOUS_MOVE = YES;
				CLANG_WARN_UNGUARDED_AVAILABILITY = YES_AGGRESSIVE;
				CLANG_WARN_UNREACHABLE_CODE = YES;
				CLANG_WARN__DUPLICATE_METHOD_MATCH = YES;
				CODE_SIGN_IDENTITY = "iPhone Developer";
				COPY_PHASE_STRIP = NO;
				DEBUG_INFORMATION_FORMAT = "dwarf-with-dsym";
				ENABLE_NS_ASSERTIONS = NO;
				ENABLE_STRICT_OBJC_MSGSEND = YES;
				GCC_C_LANGUAGE_STANDARD = gnu11;
				GCC_NO_COMMON_BLOCKS = YES;
				GCC_WARN_64_TO_32_BIT_CONVERSION = YES;
				GCC_WARN_ABOUT_RETURN_TYPE = YES_ERROR;
				GCC_WARN_UNDECLARED_SELECTOR = YES;
				GCC_WARN_UNINITIALIZED_AUTOS = YES_AGGRESSIVE;
				GCC_WARN_UNUSED_FUNCTION = YES;
				GCC_WARN_UNUSED_VARIABLE = YES;
				IPHONEOS_DEPLOYMENT_TARGET = 11.1;
				MTL_ENABLE_DEBUG_INFO = NO;
				SDKROOT = iphoneos;
				VALIDATE_PRODUCT = YES;
			};
			name = Release;
		};
		5D5B2AD21FBB18EB00498E7C /* Debug */ = {
			isa = XCBuildConfiguration;
			buildSettings = {
				ASSETCATALOG_COMPILER_APPICON_NAME = AppIcon;
				CODE_SIGN_STYLE = Automatic;
				DEVELOPMENT_TEAM = YDJE97CX57;
				INFOPLIST_FILE = "CAAnimation动画详解/Info.plist";
				LD_RUNPATH_SEARCH_PATHS = "$(inherited) @executable_path/Frameworks";
				PRODUCT_BUNDLE_IDENTIFIER = "Tong.CAAnimation----";
				PRODUCT_NAME = "$(TARGET_NAME)";
				TARGETED_DEVICE_FAMILY = "1,2";
			};
			name = Debug;
		};
		5D5B2AD31FBB18EB00498E7C /* Release */ = {
			isa = XCBuildConfiguration;
			buildSettings = {
				ASSETCATALOG_COMPILER_APPICON_NAME = AppIcon;
				CODE_SIGN_STYLE = Automatic;
				DEVELOPMENT_TEAM = YDJE97CX57;
				INFOPLIST_FILE = "CAAnimation动画详解/Info.plist";
				LD_RUNPATH_SEARCH_PATHS = "$(inherited) @executable_path/Frameworks";
				PRODUCT_BUNDLE_IDENTIFIER = "Tong.CAAnimation----";
				PRODUCT_NAME = "$(TARGET_NAME)";
				TARGETED_DEVICE_FAMILY = "1,2";
			};
			name = Release;
		};
/* End XCBuildConfiguration section */

/* Begin XCConfigurationList section */
		5D5B2AB31FBB18EB00498E7C /* Build configuration list for PBXProject "CAAnimation动画详解" */ = {
			isa = XCConfigurationList;
			buildConfigurations = (
				5D5B2ACF1FBB18EB00498E7C /* Debug */,
				5D5B2AD01FBB18EB00498E7C /* Release */,
			);
			defaultConfigurationIsVisible = 0;
			defaultConfigurationName = Release;
		};
		5D5B2AD11FBB18EB00498E7C /* Build configuration list for PBXNativeTarget "CAAnimation动画详解" */ = {
			isa = XCConfigurationList;
			buildConfigurations = (
				5D5B2AD21FBB18EB00498E7C /* Debug */,
				5D5B2AD31FBB18EB00498E7C /* Release */,
			);
			defaultConfigurationIsVisible = 0;
			defaultConfigurationName = Release;
		};
/* End XCConfigurationList section */

/* Begin XCVersionGroup section */
		5D5B2AC41FBB18EB00498E7C /* CAAnimation____.xcdatamodeld */ = {
			isa = XCVersionGroup;
			children = (
				5D5B2AC51FBB18EB00498E7C /* CAAnimation____.xcdatamodel */,
			);
			currentVersion = 5D5B2AC51FBB18EB00498E7C /* CAAnimation____.xcdatamodel */;
			path = "CAAnimation____.xcdatamodeld";
			sourceTree = "<group>";
			versionGroupType = wrapper.xcdatamodel;
		};
/* End XCVersionGroup section */
	};
	rootObject = 5D5B2AB01FBB18EB00498E7C /* Project object */;
}
